
Microsoft Visual Studio Solution File, Format Version 12.00
# Visual Studio for Mac
Project("{FAE04EC0-301F-11D3-BF4B-00C04F79EFBC}") = "ARKitTesting_AssetStore", "ARKitTesting_AssetStore.csproj", "{4949A428-3B00-49AA-E576-8F316BBBCF3B}"
EndProject
Project("{FAE04EC0-301F-11D3-BF4B-00C04F79EFBC}") = "ARKitTesting_AssetStore.Editor", "ARKitTesting_AssetStore.Editor.csproj", "{40654838-9768-197B-CF3A-A969B3DCE5DC}"
EndProject
Global
	GlobalSection(SolutionConfigurationPlatforms) = preSolution
		Debug|Any CPU = Debug|Any CPU
		Release|Any CPU = Release|Any CPU
	EndGlobalSection
	GlobalSection(ProjectConfigurationPlatforms) = postSolution
		{4949A428-3B00-49AA-E576-8F316BBBCF3B}.Debug|Any CPU.ActiveCfg = Debug|Any CPU
		{4949A428-3B00-49AA-E576-8F316BBBCF3B}.Debug|Any CPU.Build.0 = Debug|Any CPU
		{4949A428-3B00-49AA-E576-8F316BBBCF3B}.Release|Any CPU.ActiveCfg = Release|Any CPU
		{4949A428-3B00-49AA-E576-8F316BBBCF3B}.Release|Any CPU.Build.0 = Release|Any CPU
		{40654838-9768-197B-CF3A-A969B3DCE5DC}.Debug|Any CPU.ActiveCfg = Debug|Any CPU
		{40654838-9768-197B-CF3A-A969B3DCE5DC}.Debug|Any CPU.Build.0 = Debug|Any CPU
		{40654838-9768-197B-CF3A-A969B3DCE5DC}.Release|Any CPU.ActiveCfg = Release|Any CPU
		{40654838-9768-197B-CF3A-A969B3DCE5DC}.Release|Any CPU.Build.0 = Release|Any CPU
	EndGlobalSection
	GlobalSection(SolutionProperties) = preSolution
		HideSolutionNode = FALSE
	EndGlobalSection
EndGlobal
