
Microsoft Visual Studio Solution File, Format Version 12.00
# Visual Studio for Mac
Project("{FAE04EC0-301F-11D3-BF4B-00C04F79EFBC}") = "unity-arkit-plugin", "unity-arkit-plugin.csproj", "{BF915462-A14C-E2EA-1753-629F595F579A}"
EndProject
Project("{FAE04EC0-301F-11D3-BF4B-00C04F79EFBC}") = "unity-arkit-plugin.Editor", "unity-arkit-plugin.Editor.csproj", "{5DAEF667-A23D-E24B-326E-1B0DD0E9894E}"
EndProject
Global
	GlobalSection(SolutionConfigurationPlatforms) = preSolution
		Debug|Any CPU = Debug|Any CPU
		Release|Any CPU = Release|Any CPU
	EndGlobalSection
	GlobalSection(ProjectConfigurationPlatforms) = postSolution
		{BF915462-A14C-E2EA-1753-629F595F579A}.Debug|Any CPU.ActiveCfg = Debug|Any CPU
		{BF915462-A14C-E2EA-1753-629F595F579A}.Debug|Any CPU.Build.0 = Debug|Any CPU
		{BF915462-A14C-E2EA-1753-629F595F579A}.Release|Any CPU.ActiveCfg = Release|Any CPU
		{BF915462-A14C-E2EA-1753-629F595F579A}.Release|Any CPU.Build.0 = Release|Any CPU
		{5DAEF667-A23D-E24B-326E-1B0DD0E9894E}.Debug|Any CPU.ActiveCfg = Debug|Any CPU
		{5DAEF667-A23D-E24B-326E-1B0DD0E9894E}.Debug|Any CPU.Build.0 = Debug|Any CPU
		{5DAEF667-A23D-E24B-326E-1B0DD0E9894E}.Release|Any CPU.ActiveCfg = Release|Any CPU
		{5DAEF667-A23D-E24B-326E-1B0DD0E9894E}.Release|Any CPU.Build.0 = Release|Any CPU
	EndGlobalSection
	GlobalSection(SolutionProperties) = preSolution
		HideSolutionNode = FALSE
	EndGlobalSection
EndGlobal
